
Microsoft Visual Studio Solution File, Format Version 12.00
# Visual Studio 14
VisualStudioVersion = 14.0.25123.0
MinimumVisualStudioVersion = 10.0.40219.1
Project("{FAE04EC0-301F-11D3-BF4B-00C04F79EFBC}") = "IB2ToolsetMini", "IB2ToolsetMini\IB2ToolsetMini.csproj", "{A724F998-85D7-4BF5-B5A2-1420FAF4B5A0}"
EndProject
Global
	GlobalSection(SolutionConfigurationPlatforms) = preSolution
		Debug|Any CPU = Debug|Any CPU
		Release|Any CPU = Release|Any CPU
	EndGlobalSection
	GlobalSection(ProjectConfigurationPlatforms) = postSolution
		{A724F998-85D7-4BF5-B5A2-1420FAF4B5A0}.Debug|Any CPU.ActiveCfg = Debug|Any CPU
		{A724F998-85D7-4BF5-B5A2-1420FAF4B5A0}.Debug|Any CPU.Build.0 = Debug|Any CPU
		{A724F998-85D7-4BF5-B5A2-1420FAF4B5A0}.Release|Any CPU.ActiveCfg = Release|Any CPU
		{A724F998-85D7-4BF5-B5A2-1420FAF4B5A0}.Release|Any CPU.Build.0 = Release|Any CPU
	EndGlobalSection
	GlobalSection(SolutionProperties) = preSolution
		HideSolutionNode = FALSE
	EndGlobalSection
EndGlobal
